
Microsoft Visual Studio Solution File, Format Version 12.00
# Visual Studio 15
VisualStudioVersion = 15.0.27130.2003
MinimumVisualStudioVersion = 10.0.40219.1
Project("{FAE04EC0-301F-11D3-BF4B-00C04F79EFBC}") = "StemmonsMobile.Android", "StemmonsMobile\StemmonsMobile.Android\StemmonsMobile.Android.csproj", "{4F0FB8D6-61DB-4428-84EF-996CFCEC5021}"
	ProjectSection(ProjectDependencies) = postProject
		{691F64DB-A9E1-421C-81EE-A5B9895C5B6B} = {691F64DB-A9E1-421C-81EE-A5B9895C5B6B}
		{762417EA-4C33-4FA7-BAA7-029E0450CDB4} = {762417EA-4C33-4FA7-BAA7-029E0450CDB4}
	EndProjectSection
EndProject
Project("{FAE04EC0-301F-11D3-BF4B-00C04F79EFBC}") = "StemmonsMobile.UWP", "StemmonsMobile\StemmonsMobile.UWP\StemmonsMobile.UWP.csproj", "{9D33EF3C-708C-40FC-A3FF-40390860A7CB}"
EndProject
Project("{FAE04EC0-301F-11D3-BF4B-00C04F79EFBC}") = "StemmonsMobile.iOS", "StemmonsMobile\StemmonsMobile.iOS\StemmonsMobile.iOS.csproj", "{5FA6E21B-A52E-4287-A31A-D0886DCFA21B}"
EndProject
Project("{FAE04EC0-301F-11D3-BF4B-00C04F79EFBC}") = "DataServiceBus", "StemmonsMobile\servicebusapi\servicebusapi\DataServiceBus.csproj", "{762417EA-4C33-4FA7-BAA7-029E0450CDB4}"
	ProjectSection(ProjectDependencies) = postProject
		{691F64DB-A9E1-421C-81EE-A5B9895C5B6B} = {691F64DB-A9E1-421C-81EE-A5B9895C5B6B}
	EndProjectSection
EndProject
Project("{FAE04EC0-301F-11D3-BF4B-00C04F79EFBC}") = "StemmonsMobile.DataTypes", "StemmonsMobile\StemmonsMobile.DataTypes\StemmonsMobile.DataTypes.csproj", "{691F64DB-A9E1-421C-81EE-A5B9895C5B6B}"
EndProject
Project("{FAE04EC0-301F-11D3-BF4B-00C04F79EFBC}") = "StemmonsMobile", "StemmonsMobile\StemmonsMobile\StemmonsMobile.csproj", "{751A7594-6421-48B8-9EA7-35465821221D}"
	ProjectSection(ProjectDependencies) = postProject
		{691F64DB-A9E1-421C-81EE-A5B9895C5B6B} = {691F64DB-A9E1-421C-81EE-A5B9895C5B6B}
	EndProjectSection
EndProject
Global
	GlobalSection(SolutionConfigurationPlatforms) = preSolution
		Ad-Hoc|Any CPU = Ad-Hoc|Any CPU
		Ad-Hoc|ARM = Ad-Hoc|ARM
		Ad-Hoc|iPhone = Ad-Hoc|iPhone
		Ad-Hoc|iPhoneSimulator = Ad-Hoc|iPhoneSimulator
		Ad-Hoc|x64 = Ad-Hoc|x64
		Ad-Hoc|x86 = Ad-Hoc|x86
		AppStore|Any CPU = AppStore|Any CPU
		AppStore|ARM = AppStore|ARM
		AppStore|iPhone = AppStore|iPhone
		AppStore|iPhoneSimulator = AppStore|iPhoneSimulator
		AppStore|x64 = AppStore|x64
		AppStore|x86 = AppStore|x86
		Debug|Any CPU = Debug|Any CPU
		Debug|ARM = Debug|ARM
		Debug|iPhone = Debug|iPhone
		Debug|iPhoneSimulator = Debug|iPhoneSimulator
		Debug|x64 = Debug|x64
		Debug|x86 = Debug|x86
		Release|Any CPU = Release|Any CPU
		Release|ARM = Release|ARM
		Release|iPhone = Release|iPhone
		Release|iPhoneSimulator = Release|iPhoneSimulator
		Release|x64 = Release|x64
		Release|x86 = Release|x86
	EndGlobalSection
	GlobalSection(ProjectConfigurationPlatforms) = postSolution
		{4F0FB8D6-61DB-4428-84EF-996CFCEC5021}.Ad-Hoc|Any CPU.ActiveCfg = Release|Any CPU
		{4F0FB8D6-61DB-4428-84EF-996CFCEC5021}.Ad-Hoc|Any CPU.Build.0 = Release|Any CPU
		{4F0FB8D6-61DB-4428-84EF-996CFCEC5021}.Ad-Hoc|Any CPU.Deploy.0 = Release|Any CPU
		{4F0FB8D6-61DB-4428-84EF-996CFCEC5021}.Ad-Hoc|ARM.ActiveCfg = Release|Any CPU
		{4F0FB8D6-61DB-4428-84EF-996CFCEC5021}.Ad-Hoc|ARM.Build.0 = Release|Any CPU
		{4F0FB8D6-61DB-4428-84EF-996CFCEC5021}.Ad-Hoc|ARM.Deploy.0 = Release|Any CPU
		{4F0FB8D6-61DB-4428-84EF-996CFCEC5021}.Ad-Hoc|iPhone.ActiveCfg = Release|Any CPU
		{4F0FB8D6-61DB-4428-84EF-996CFCEC5021}.Ad-Hoc|iPhone.Build.0 = Release|Any CPU
		{4F0FB8D6-61DB-4428-84EF-996CFCEC5021}.Ad-Hoc|iPhone.Deploy.0 = Release|Any CPU
		{4F0FB8D6-61DB-4428-84EF-996CFCEC5021}.Ad-Hoc|iPhoneSimulator.ActiveCfg = Release|Any CPU
		{4F0FB8D6-61DB-4428-84EF-996CFCEC5021}.Ad-Hoc|iPhoneSimulator.Build.0 = Release|Any CPU
		{4F0FB8D6-61DB-4428-84EF-996CFCEC5021}.Ad-Hoc|iPhoneSimulator.Deploy.0 = Release|Any CPU
		{4F0FB8D6-61DB-4428-84EF-996CFCEC5021}.Ad-Hoc|x64.ActiveCfg = Release|Any CPU
		{4F0FB8D6-61DB-4428-84EF-996CFCEC5021}.Ad-Hoc|x64.Build.0 = Release|Any CPU
		{4F0FB8D6-61DB-4428-84EF-996CFCEC5021}.Ad-Hoc|x64.Deploy.0 = Release|Any CPU
		{4F0FB8D6-61DB-4428-84EF-996CFCEC5021}.Ad-Hoc|x86.ActiveCfg = Release|Any CPU
		{4F0FB8D6-61DB-4428-84EF-996CFCEC5021}.Ad-Hoc|x86.Build.0 = Release|Any CPU
		{4F0FB8D6-61DB-4428-84EF-996CFCEC5021}.Ad-Hoc|x86.Deploy.0 = Release|Any CPU
		{4F0FB8D6-61DB-4428-84EF-996CFCEC5021}.AppStore|Any CPU.ActiveCfg = Release|Any CPU
		{4F0FB8D6-61DB-4428-84EF-996CFCEC5021}.AppStore|Any CPU.Build.0 = Release|Any CPU
		{4F0FB8D6-61DB-4428-84EF-996CFCEC5021}.AppStore|Any CPU.Deploy.0 = Release|Any CPU
		{4F0FB8D6-61DB-4428-84EF-996CFCEC5021}.AppStore|ARM.ActiveCfg = Release|Any CPU
		{4F0FB8D6-61DB-4428-84EF-996CFCEC5021}.AppStore|ARM.Build.0 = Release|Any CPU
		{4F0FB8D6-61DB-4428-84EF-996CFCEC5021}.AppStore|ARM.Deploy.0 = Release|Any CPU
		{4F0FB8D6-61DB-4428-84EF-996CFCEC5021}.AppStore|iPhone.ActiveCfg = Release|Any CPU
		{4F0FB8D6-61DB-4428-84EF-996CFCEC5021}.AppStore|iPhone.Build.0 = Release|Any CPU
		{4F0FB8D6-61DB-4428-84EF-996CFCEC5021}.AppStore|iPhone.Deploy.0 = Release|Any CPU
		{4F0FB8D6-61DB-4428-84EF-996CFCEC5021}.AppStore|iPhoneSimulator.ActiveCfg = Release|Any CPU
		{4F0FB8D6-61DB-4428-84EF-996CFCEC5021}.AppStore|iPhoneSimulator.Build.0 = Release|Any CPU
		{4F0FB8D6-61DB-4428-84EF-996CFCEC5021}.AppStore|iPhoneSimulator.Deploy.0 = Release|Any CPU
		{4F0FB8D6-61DB-4428-84EF-996CFCEC5021}.AppStore|x64.ActiveCfg = Release|Any CPU
		{4F0FB8D6-61DB-4428-84EF-996CFCEC5021}.AppStore|x64.Build.0 = Release|Any CPU
		{4F0FB8D6-61DB-4428-84EF-996CFCEC5021}.AppStore|x64.Deploy.0 = Release|Any CPU
		{4F0FB8D6-61DB-4428-84EF-996CFCEC5021}.AppStore|x86.ActiveCfg = Release|Any CPU
		{4F0FB8D6-61DB-4428-84EF-996CFCEC5021}.AppStore|x86.Build.0 = Release|Any CPU
		{4F0FB8D6-61DB-4428-84EF-996CFCEC5021}.AppStore|x86.Deploy.0 = Release|Any CPU
		{4F0FB8D6-61DB-4428-84EF-996CFCEC5021}.Debug|Any CPU.ActiveCfg = Debug|Any CPU
		{4F0FB8D6-61DB-4428-84EF-996CFCEC5021}.Debug|Any CPU.Build.0 = Debug|Any CPU
		{4F0FB8D6-61DB-4428-84EF-996CFCEC5021}.Debug|Any CPU.Deploy.0 = Debug|Any CPU
		{4F0FB8D6-61DB-4428-84EF-996CFCEC5021}.Debug|ARM.ActiveCfg = Debug|Any CPU
		{4F0FB8D6-61DB-4428-84EF-996CFCEC5021}.Debug|ARM.Build.0 = Debug|Any CPU
		{4F0FB8D6-61DB-4428-84EF-996CFCEC5021}.Debug|ARM.Deploy.0 = Debug|Any CPU
		{4F0FB8D6-61DB-4428-84EF-996CFCEC5021}.Debug|iPhone.ActiveCfg = Debug|Any CPU
		{4F0FB8D6-61DB-4428-84EF-996CFCEC5021}.Debug|iPhone.Build.0 = Debug|Any CPU
		{4F0FB8D6-61DB-4428-84EF-996CFCEC5021}.Debug|iPhone.Deploy.0 = Debug|Any CPU
		{4F0FB8D6-61DB-4428-84EF-996CFCEC5021}.Debug|iPhoneSimulator.ActiveCfg = Debug|Any CPU
		{4F0FB8D6-61DB-4428-84EF-996CFCEC5021}.Debug|iPhoneSimulator.Build.0 = Debug|Any CPU
		{4F0FB8D6-61DB-4428-84EF-996CFCEC5021}.Debug|iPhoneSimulator.Deploy.0 = Debug|Any CPU
		{4F0FB8D6-61DB-4428-84EF-996CFCEC5021}.Debug|x64.ActiveCfg = Debug|Any CPU
		{4F0FB8D6-61DB-4428-84EF-996CFCEC5021}.Debug|x64.Build.0 = Debug|Any CPU
		{4F0FB8D6-61DB-4428-84EF-996CFCEC5021}.Debug|x64.Deploy.0 = Debug|Any CPU
		{4F0FB8D6-61DB-4428-84EF-996CFCEC5021}.Debug|x86.ActiveCfg = Debug|Any CPU
		{4F0FB8D6-61DB-4428-84EF-996CFCEC5021}.Debug|x86.Build.0 = Debug|Any CPU
		{4F0FB8D6-61DB-4428-84EF-996CFCEC5021}.Debug|x86.Deploy.0 = Debug|Any CPU
		{4F0FB8D6-61DB-4428-84EF-996CFCEC5021}.Release|Any CPU.ActiveCfg = Release|Any CPU
		{4F0FB8D6-61DB-4428-84EF-996CFCEC5021}.Release|Any CPU.Build.0 = Release|Any CPU
		{4F0FB8D6-61DB-4428-84EF-996CFCEC5021}.Release|Any CPU.Deploy.0 = Release|Any CPU
		{4F0FB8D6-61DB-4428-84EF-996CFCEC5021}.Release|ARM.ActiveCfg = Release|Any CPU
		{4F0FB8D6-61DB-4428-84EF-996CFCEC5021}.Release|ARM.Build.0 = Release|Any CPU
		{4F0FB8D6-61DB-4428-84EF-996CFCEC5021}.Release|ARM.Deploy.0 = Release|Any CPU
		{4F0FB8D6-61DB-4428-84EF-996CFCEC5021}.Release|iPhone.ActiveCfg = Release|Any CPU
		{4F0FB8D6-61DB-4428-84EF-996CFCEC5021}.Release|iPhone.Build.0 = Release|Any CPU
		{4F0FB8D6-61DB-4428-84EF-996CFCEC5021}.Release|iPhone.Deploy.0 = Release|Any CPU
		{4F0FB8D6-61DB-4428-84EF-996CFCEC5021}.Release|iPhoneSimulator.ActiveCfg = Release|Any CPU
		{4F0FB8D6-61DB-4428-84EF-996CFCEC5021}.Release|iPhoneSimulator.Build.0 = Release|Any CPU
		{4F0FB8D6-61DB-4428-84EF-996CFCEC5021}.Release|iPhoneSimulator.Deploy.0 = Release|Any CPU
		{4F0FB8D6-61DB-4428-84EF-996CFCEC5021}.Release|x64.ActiveCfg = Release|Any CPU
		{4F0FB8D6-61DB-4428-84EF-996CFCEC5021}.Release|x64.Build.0 = Release|Any CPU
		{4F0FB8D6-61DB-4428-84EF-996CFCEC5021}.Release|x64.Deploy.0 = Release|Any CPU
		{4F0FB8D6-61DB-4428-84EF-996CFCEC5021}.Release|x86.ActiveCfg = Release|Any CPU
		{4F0FB8D6-61DB-4428-84EF-996CFCEC5021}.Release|x86.Build.0 = Release|Any CPU
		{4F0FB8D6-61DB-4428-84EF-996CFCEC5021}.Release|x86.Deploy.0 = Release|Any CPU
		{9D33EF3C-708C-40FC-A3FF-40390860A7CB}.Ad-Hoc|Any CPU.ActiveCfg = Release|x86
		{9D33EF3C-708C-40FC-A3FF-40390860A7CB}.Ad-Hoc|Any CPU.Build.0 = Release|x86
		{9D33EF3C-708C-40FC-A3FF-40390860A7CB}.Ad-Hoc|Any CPU.Deploy.0 = Release|x86
		{9D33EF3C-708C-40FC-A3FF-40390860A7CB}.Ad-Hoc|ARM.ActiveCfg = Release|ARM
		{9D33EF3C-708C-40FC-A3FF-40390860A7CB}.Ad-Hoc|ARM.Build.0 = Release|ARM
		{9D33EF3C-708C-40FC-A3FF-40390860A7CB}.Ad-Hoc|ARM.Deploy.0 = Release|ARM
		{9D33EF3C-708C-40FC-A3FF-40390860A7CB}.Ad-Hoc|iPhone.ActiveCfg = Release|x86
		{9D33EF3C-708C-40FC-A3FF-40390860A7CB}.Ad-Hoc|iPhone.Build.0 = Release|x86
		{9D33EF3C-708C-40FC-A3FF-40390860A7CB}.Ad-Hoc|iPhone.Deploy.0 = Release|x86
		{9D33EF3C-708C-40FC-A3FF-40390860A7CB}.Ad-Hoc|iPhoneSimulator.ActiveCfg = Release|x86
		{9D33EF3C-708C-40FC-A3FF-40390860A7CB}.Ad-Hoc|iPhoneSimulator.Build.0 = Release|x86
		{9D33EF3C-708C-40FC-A3FF-40390860A7CB}.Ad-Hoc|iPhoneSimulator.Deploy.0 = Release|x86
		{9D33EF3C-708C-40FC-A3FF-40390860A7CB}.Ad-Hoc|x64.ActiveCfg = Release|x64
		{9D33EF3C-708C-40FC-A3FF-40390860A7CB}.Ad-Hoc|x64.Build.0 = Release|x64
		{9D33EF3C-708C-40FC-A3FF-40390860A7CB}.Ad-Hoc|x64.Deploy.0 = Release|x64
		{9D33EF3C-708C-40FC-A3FF-40390860A7CB}.Ad-Hoc|x86.ActiveCfg = Release|x86
		{9D33EF3C-708C-40FC-A3FF-40390860A7CB}.Ad-Hoc|x86.Build.0 = Release|x86
		{9D33EF3C-708C-40FC-A3FF-40390860A7CB}.Ad-Hoc|x86.Deploy.0 = Release|x86
		{9D33EF3C-708C-40FC-A3FF-40390860A7CB}.AppStore|Any CPU.ActiveCfg = Release|x86
		{9D33EF3C-708C-40FC-A3FF-40390860A7CB}.AppStore|Any CPU.Build.0 = Release|x86
		{9D33EF3C-708C-40FC-A3FF-40390860A7CB}.AppStore|Any CPU.Deploy.0 = Release|x86
		{9D33EF3C-708C-40FC-A3FF-40390860A7CB}.AppStore|ARM.ActiveCfg = Release|ARM
		{9D33EF3C-708C-40FC-A3FF-40390860A7CB}.AppStore|ARM.Build.0 = Release|ARM
		{9D33EF3C-708C-40FC-A3FF-40390860A7CB}.AppStore|ARM.Deploy.0 = Release|ARM
		{9D33EF3C-708C-40FC-A3FF-40390860A7CB}.AppStore|iPhone.ActiveCfg = Release|x86
		{9D33EF3C-708C-40FC-A3FF-40390860A7CB}.AppStore|iPhone.Build.0 = Release|x86
		{9D33EF3C-708C-40FC-A3FF-40390860A7CB}.AppStore|iPhone.Deploy.0 = Release|x86
		{9D33EF3C-708C-40FC-A3FF-40390860A7CB}.AppStore|iPhoneSimulator.ActiveCfg = Release|x86
		{9D33EF3C-708C-40FC-A3FF-40390860A7CB}.AppStore|iPhoneSimulator.Build.0 = Release|x86
		{9D33EF3C-708C-40FC-A3FF-40390860A7CB}.AppStore|iPhoneSimulator.Deploy.0 = Release|x86
		{9D33EF3C-708C-40FC-A3FF-40390860A7CB}.AppStore|x64.ActiveCfg = Release|x64
		{9D33EF3C-708C-40FC-A3FF-40390860A7CB}.AppStore|x64.Build.0 = Release|x64
		{9D33EF3C-708C-40FC-A3FF-40390860A7CB}.AppStore|x64.Deploy.0 = Release|x64
		{9D33EF3C-708C-40FC-A3FF-40390860A7CB}.AppStore|x86.ActiveCfg = Release|x86
		{9D33EF3C-708C-40FC-A3FF-40390860A7CB}.AppStore|x86.Build.0 = Release|x86
		{9D33EF3C-708C-40FC-A3FF-40390860A7CB}.AppStore|x86.Deploy.0 = Release|x86
		{9D33EF3C-708C-40FC-A3FF-40390860A7CB}.Debug|Any CPU.ActiveCfg = Debug|x86
		{9D33EF3C-708C-40FC-A3FF-40390860A7CB}.Debug|Any CPU.Build.0 = Debug|x86
		{9D33EF3C-708C-40FC-A3FF-40390860A7CB}.Debug|Any CPU.Deploy.0 = Debug|x86
		{9D33EF3C-708C-40FC-A3FF-40390860A7CB}.Debug|ARM.ActiveCfg = Debug|ARM
		{9D33EF3C-708C-40FC-A3FF-40390860A7CB}.Debug|ARM.Build.0 = Debug|ARM
		{9D33EF3C-708C-40FC-A3FF-40390860A7CB}.Debug|ARM.Deploy.0 = Debug|ARM
		{9D33EF3C-708C-40FC-A3FF-40390860A7CB}.Debug|iPhone.ActiveCfg = Debug|x86
		{9D33EF3C-708C-40FC-A3FF-40390860A7CB}.Debug|iPhoneSimulator.ActiveCfg = Debug|x86
		{9D33EF3C-708C-40FC-A3FF-40390860A7CB}.Debug|x64.ActiveCfg = Debug|x64
		{9D33EF3C-708C-40FC-A3FF-40390860A7CB}.Debug|x64.Build.0 = Debug|x64
		{9D33EF3C-708C-40FC-A3FF-40390860A7CB}.Debug|x64.Deploy.0 = Debug|x64
		{9D33EF3C-708C-40FC-A3FF-40390860A7CB}.Debug|x86.ActiveCfg = Debug|x86
		{9D33EF3C-708C-40FC-A3FF-40390860A7CB}.Debug|x86.Build.0 = Debug|x86
		{9D33EF3C-708C-40FC-A3FF-40390860A7CB}.Debug|x86.Deploy.0 = Debug|x86
		{9D33EF3C-708C-40FC-A3FF-40390860A7CB}.Release|Any CPU.ActiveCfg = Release|x86
		{9D33EF3C-708C-40FC-A3FF-40390860A7CB}.Release|ARM.ActiveCfg = Release|ARM
		{9D33EF3C-708C-40FC-A3FF-40390860A7CB}.Release|ARM.Build.0 = Release|ARM
		{9D33EF3C-708C-40FC-A3FF-40390860A7CB}.Release|ARM.Deploy.0 = Release|ARM
		{9D33EF3C-708C-40FC-A3FF-40390860A7CB}.Release|iPhone.ActiveCfg = Release|x86
		{9D33EF3C-708C-40FC-A3FF-40390860A7CB}.Release|iPhoneSimulator.ActiveCfg = Release|x86
		{9D33EF3C-708C-40FC-A3FF-40390860A7CB}.Release|x64.ActiveCfg = Release|x64
		{9D33EF3C-708C-40FC-A3FF-40390860A7CB}.Release|x64.Build.0 = Release|x64
		{9D33EF3C-708C-40FC-A3FF-40390860A7CB}.Release|x64.Deploy.0 = Release|x64
		{9D33EF3C-708C-40FC-A3FF-40390860A7CB}.Release|x86.ActiveCfg = Release|x86
		{9D33EF3C-708C-40FC-A3FF-40390860A7CB}.Release|x86.Build.0 = Release|x86
		{9D33EF3C-708C-40FC-A3FF-40390860A7CB}.Release|x86.Deploy.0 = Release|x86
		{5FA6E21B-A52E-4287-A31A-D0886DCFA21B}.Ad-Hoc|Any CPU.ActiveCfg = Ad-Hoc|iPhoneSimulator
		{5FA6E21B-A52E-4287-A31A-D0886DCFA21B}.Ad-Hoc|ARM.ActiveCfg = Ad-Hoc|iPhone
		{5FA6E21B-A52E-4287-A31A-D0886DCFA21B}.Ad-Hoc|iPhone.ActiveCfg = Ad-Hoc|iPhone
		{5FA6E21B-A52E-4287-A31A-D0886DCFA21B}.Ad-Hoc|iPhone.Build.0 = Ad-Hoc|iPhone
		{5FA6E21B-A52E-4287-A31A-D0886DCFA21B}.Ad-Hoc|iPhoneSimulator.ActiveCfg = Ad-Hoc|iPhoneSimulator
		{5FA6E21B-A52E-4287-A31A-D0886DCFA21B}.Ad-Hoc|iPhoneSimulator.Build.0 = Ad-Hoc|iPhoneSimulator
		{5FA6E21B-A52E-4287-A31A-D0886DCFA21B}.Ad-Hoc|x64.ActiveCfg = Ad-Hoc|iPhone
		{5FA6E21B-A52E-4287-A31A-D0886DCFA21B}.Ad-Hoc|x86.ActiveCfg = Ad-Hoc|iPhone
		{5FA6E21B-A52E-4287-A31A-D0886DCFA21B}.AppStore|Any CPU.ActiveCfg = AppStore|iPhoneSimulator
		{5FA6E21B-A52E-4287-A31A-D0886DCFA21B}.AppStore|ARM.ActiveCfg = AppStore|iPhone
		{5FA6E21B-A52E-4287-A31A-D0886DCFA21B}.AppStore|iPhone.ActiveCfg = AppStore|iPhone
		{5FA6E21B-A52E-4287-A31A-D0886DCFA21B}.AppStore|iPhone.Build.0 = AppStore|iPhone
		{5FA6E21B-A52E-4287-A31A-D0886DCFA21B}.AppStore|iPhoneSimulator.ActiveCfg = AppStore|iPhoneSimulator
		{5FA6E21B-A52E-4287-A31A-D0886DCFA21B}.AppStore|iPhoneSimulator.Build.0 = AppStore|iPhoneSimulator
		{5FA6E21B-A52E-4287-A31A-D0886DCFA21B}.AppStore|x64.ActiveCfg = AppStore|iPhone
		{5FA6E21B-A52E-4287-A31A-D0886DCFA21B}.AppStore|x86.ActiveCfg = AppStore|iPhone
		{5FA6E21B-A52E-4287-A31A-D0886DCFA21B}.Debug|Any CPU.ActiveCfg = Debug|iPhoneSimulator
		{5FA6E21B-A52E-4287-A31A-D0886DCFA21B}.Debug|ARM.ActiveCfg = Debug|iPhone
		{5FA6E21B-A52E-4287-A31A-D0886DCFA21B}.Debug|iPhone.ActiveCfg = Debug|iPhone
		{5FA6E21B-A52E-4287-A31A-D0886DCFA21B}.Debug|iPhone.Build.0 = Debug|iPhone
		{5FA6E21B-A52E-4287-A31A-D0886DCFA21B}.Debug|iPhoneSimulator.ActiveCfg = Debug|iPhoneSimulator
		{5FA6E21B-A52E-4287-A31A-D0886DCFA21B}.Debug|iPhoneSimulator.Build.0 = Debug|iPhoneSimulator
		{5FA6E21B-A52E-4287-A31A-D0886DCFA21B}.Debug|x64.ActiveCfg = Debug|iPhone
		{5FA6E21B-A52E-4287-A31A-D0886DCFA21B}.Debug|x86.ActiveCfg = Debug|iPhone
		{5FA6E21B-A52E-4287-A31A-D0886DCFA21B}.Release|Any CPU.ActiveCfg = Release|iPhoneSimulator
		{5FA6E21B-A52E-4287-A31A-D0886DCFA21B}.Release|ARM.ActiveCfg = Release|iPhone
		{5FA6E21B-A52E-4287-A31A-D0886DCFA21B}.Release|iPhone.ActiveCfg = Release|iPhone
		{5FA6E21B-A52E-4287-A31A-D0886DCFA21B}.Release|iPhone.Build.0 = Release|iPhone
		{5FA6E21B-A52E-4287-A31A-D0886DCFA21B}.Release|iPhoneSimulator.ActiveCfg = Release|iPhoneSimulator
		{5FA6E21B-A52E-4287-A31A-D0886DCFA21B}.Release|iPhoneSimulator.Build.0 = Release|iPhoneSimulator
		{5FA6E21B-A52E-4287-A31A-D0886DCFA21B}.Release|x64.ActiveCfg = Release|iPhone
		{5FA6E21B-A52E-4287-A31A-D0886DCFA21B}.Release|x86.ActiveCfg = Release|iPhone
		{762417EA-4C33-4FA7-BAA7-029E0450CDB4}.Ad-Hoc|Any CPU.ActiveCfg = Release|Any CPU
		{762417EA-4C33-4FA7-BAA7-029E0450CDB4}.Ad-Hoc|Any CPU.Build.0 = Release|Any CPU
		{762417EA-4C33-4FA7-BAA7-029E0450CDB4}.Ad-Hoc|ARM.ActiveCfg = Release|Any CPU
		{762417EA-4C33-4FA7-BAA7-029E0450CDB4}.Ad-Hoc|ARM.Build.0 = Release|Any CPU
		{762417EA-4C33-4FA7-BAA7-029E0450CDB4}.Ad-Hoc|iPhone.ActiveCfg = Release|Any CPU
		{762417EA-4C33-4FA7-BAA7-029E0450CDB4}.Ad-Hoc|iPhone.Build.0 = Release|Any CPU
		{762417EA-4C33-4FA7-BAA7-029E0450CDB4}.Ad-Hoc|iPhoneSimulator.ActiveCfg = Release|Any CPU
		{762417EA-4C33-4FA7-BAA7-029E0450CDB4}.Ad-Hoc|iPhoneSimulator.Build.0 = Release|Any CPU
		{762417EA-4C33-4FA7-BAA7-029E0450CDB4}.Ad-Hoc|x64.ActiveCfg = Release|Any CPU
		{762417EA-4C33-4FA7-BAA7-029E0450CDB4}.Ad-Hoc|x64.Build.0 = Release|Any CPU
		{762417EA-4C33-4FA7-BAA7-029E0450CDB4}.Ad-Hoc|x86.ActiveCfg = Release|Any CPU
		{762417EA-4C33-4FA7-BAA7-029E0450CDB4}.Ad-Hoc|x86.Build.0 = Release|Any CPU
		{762417EA-4C33-4FA7-BAA7-029E0450CDB4}.AppStore|Any CPU.ActiveCfg = Release|Any CPU
		{762417EA-4C33-4FA7-BAA7-029E0450CDB4}.AppStore|Any CPU.Build.0 = Release|Any CPU
		{762417EA-4C33-4FA7-BAA7-029E0450CDB4}.AppStore|ARM.ActiveCfg = Release|Any CPU
		{762417EA-4C33-4FA7-BAA7-029E0450CDB4}.AppStore|ARM.Build.0 = Release|Any CPU
		{762417EA-4C33-4FA7-BAA7-029E0450CDB4}.AppStore|iPhone.ActiveCfg = Release|Any CPU
		{762417EA-4C33-4FA7-BAA7-029E0450CDB4}.AppStore|iPhone.Build.0 = Release|Any CPU
		{762417EA-4C33-4FA7-BAA7-029E0450CDB4}.AppStore|iPhoneSimulator.ActiveCfg = Release|Any CPU
		{762417EA-4C33-4FA7-BAA7-029E0450CDB4}.AppStore|iPhoneSimulator.Build.0 = Release|Any CPU
		{762417EA-4C33-4FA7-BAA7-029E0450CDB4}.AppStore|x64.ActiveCfg = Release|Any CPU
		{762417EA-4C33-4FA7-BAA7-029E0450CDB4}.AppStore|x64.Build.0 = Release|Any CPU
		{762417EA-4C33-4FA7-BAA7-029E0450CDB4}.AppStore|x86.ActiveCfg = Release|Any CPU
		{762417EA-4C33-4FA7-BAA7-029E0450CDB4}.AppStore|x86.Build.0 = Release|Any CPU
		{762417EA-4C33-4FA7-BAA7-029E0450CDB4}.Debug|Any CPU.ActiveCfg = Debug|Any CPU
		{762417EA-4C33-4FA7-BAA7-029E0450CDB4}.Debug|Any CPU.Build.0 = Debug|Any CPU
		{762417EA-4C33-4FA7-BAA7-029E0450CDB4}.Debug|ARM.ActiveCfg = Debug|Any CPU
		{762417EA-4C33-4FA7-BAA7-029E0450CDB4}.Debug|ARM.Build.0 = Debug|Any CPU
		{762417EA-4C33-4FA7-BAA7-029E0450CDB4}.Debug|iPhone.ActiveCfg = Debug|Any CPU
		{762417EA-4C33-4FA7-BAA7-029E0450CDB4}.Debug|iPhone.Build.0 = Debug|Any CPU
		{762417EA-4C33-4FA7-BAA7-029E0450CDB4}.Debug|iPhoneSimulator.ActiveCfg = Debug|Any CPU
		{762417EA-4C33-4FA7-BAA7-029E0450CDB4}.Debug|iPhoneSimulator.Build.0 = Debug|Any CPU
		{762417EA-4C33-4FA7-BAA7-029E0450CDB4}.Debug|x64.ActiveCfg = Debug|Any CPU
		{762417EA-4C33-4FA7-BAA7-029E0450CDB4}.Debug|x64.Build.0 = Debug|Any CPU
		{762417EA-4C33-4FA7-BAA7-029E0450CDB4}.Debug|x86.ActiveCfg = Debug|Any CPU
		{762417EA-4C33-4FA7-BAA7-029E0450CDB4}.Debug|x86.Build.0 = Debug|Any CPU
		{762417EA-4C33-4FA7-BAA7-029E0450CDB4}.Release|Any CPU.ActiveCfg = Release|Any CPU
		{762417EA-4C33-4FA7-BAA7-029E0450CDB4}.Release|Any CPU.Build.0 = Release|Any CPU
		{762417EA-4C33-4FA7-BAA7-029E0450CDB4}.Release|ARM.ActiveCfg = Release|Any CPU
		{762417EA-4C33-4FA7-BAA7-029E0450CDB4}.Release|ARM.Build.0 = Release|Any CPU
		{762417EA-4C33-4FA7-BAA7-029E0450CDB4}.Release|iPhone.ActiveCfg = Release|Any CPU
		{762417EA-4C33-4FA7-BAA7-029E0450CDB4}.Release|iPhone.Build.0 = Release|Any CPU
		{762417EA-4C33-4FA7-BAA7-029E0450CDB4}.Release|iPhoneSimulator.ActiveCfg = Release|Any CPU
		{762417EA-4C33-4FA7-BAA7-029E0450CDB4}.Release|iPhoneSimulator.Build.0 = Release|Any CPU
		{762417EA-4C33-4FA7-BAA7-029E0450CDB4}.Release|x64.ActiveCfg = Release|Any CPU
		{762417EA-4C33-4FA7-BAA7-029E0450CDB4}.Release|x64.Build.0 = Release|Any CPU
		{762417EA-4C33-4FA7-BAA7-029E0450CDB4}.Release|x86.ActiveCfg = Release|Any CPU
		{762417EA-4C33-4FA7-BAA7-029E0450CDB4}.Release|x86.Build.0 = Release|Any CPU
		{691F64DB-A9E1-421C-81EE-A5B9895C5B6B}.Ad-Hoc|Any CPU.ActiveCfg = Release|Any CPU
		{691F64DB-A9E1-421C-81EE-A5B9895C5B6B}.Ad-Hoc|Any CPU.Build.0 = Release|Any CPU
		{691F64DB-A9E1-421C-81EE-A5B9895C5B6B}.Ad-Hoc|ARM.ActiveCfg = Release|Any CPU
		{691F64DB-A9E1-421C-81EE-A5B9895C5B6B}.Ad-Hoc|ARM.Build.0 = Release|Any CPU
		{691F64DB-A9E1-421C-81EE-A5B9895C5B6B}.Ad-Hoc|iPhone.ActiveCfg = Release|Any CPU
		{691F64DB-A9E1-421C-81EE-A5B9895C5B6B}.Ad-Hoc|iPhone.Build.0 = Release|Any CPU
		{691F64DB-A9E1-421C-81EE-A5B9895C5B6B}.Ad-Hoc|iPhoneSimulator.ActiveCfg = Release|Any CPU
		{691F64DB-A9E1-421C-81EE-A5B9895C5B6B}.Ad-Hoc|iPhoneSimulator.Build.0 = Release|Any CPU
		{691F64DB-A9E1-421C-81EE-A5B9895C5B6B}.Ad-Hoc|x64.ActiveCfg = Release|Any CPU
		{691F64DB-A9E1-421C-81EE-A5B9895C5B6B}.Ad-Hoc|x64.Build.0 = Release|Any CPU
		{691F64DB-A9E1-421C-81EE-A5B9895C5B6B}.Ad-Hoc|x86.ActiveCfg = Release|Any CPU
		{691F64DB-A9E1-421C-81EE-A5B9895C5B6B}.Ad-Hoc|x86.Build.0 = Release|Any CPU
		{691F64DB-A9E1-421C-81EE-A5B9895C5B6B}.AppStore|Any CPU.ActiveCfg = Release|Any CPU
		{691F64DB-A9E1-421C-81EE-A5B9895C5B6B}.AppStore|Any CPU.Build.0 = Release|Any CPU
		{691F64DB-A9E1-421C-81EE-A5B9895C5B6B}.AppStore|ARM.ActiveCfg = Release|Any CPU
		{691F64DB-A9E1-421C-81EE-A5B9895C5B6B}.AppStore|ARM.Build.0 = Release|Any CPU
		{691F64DB-A9E1-421C-81EE-A5B9895C5B6B}.AppStore|iPhone.ActiveCfg = Release|Any CPU
		{691F64DB-A9E1-421C-81EE-A5B9895C5B6B}.AppStore|iPhone.Build.0 = Release|Any CPU
		{691F64DB-A9E1-421C-81EE-A5B9895C5B6B}.AppStore|iPhoneSimulator.ActiveCfg = Release|Any CPU
		{691F64DB-A9E1-421C-81EE-A5B9895C5B6B}.AppStore|iPhoneSimulator.Build.0 = Release|Any CPU
		{691F64DB-A9E1-421C-81EE-A5B9895C5B6B}.AppStore|x64.ActiveCfg = Release|Any CPU
		{691F64DB-A9E1-421C-81EE-A5B9895C5B6B}.AppStore|x64.Build.0 = Release|Any CPU
		{691F64DB-A9E1-421C-81EE-A5B9895C5B6B}.AppStore|x86.ActiveCfg = Release|Any CPU
		{691F64DB-A9E1-421C-81EE-A5B9895C5B6B}.AppStore|x86.Build.0 = Release|Any CPU
		{691F64DB-A9E1-421C-81EE-A5B9895C5B6B}.Debug|Any CPU.ActiveCfg = Debug|Any CPU
		{691F64DB-A9E1-421C-81EE-A5B9895C5B6B}.Debug|Any CPU.Build.0 = Debug|Any CPU
		{691F64DB-A9E1-421C-81EE-A5B9895C5B6B}.Debug|ARM.ActiveCfg = Debug|Any CPU
		{691F64DB-A9E1-421C-81EE-A5B9895C5B6B}.Debug|ARM.Build.0 = Debug|Any CPU
		{691F64DB-A9E1-421C-81EE-A5B9895C5B6B}.Debug|iPhone.ActiveCfg = Debug|Any CPU
		{691F64DB-A9E1-421C-81EE-A5B9895C5B6B}.Debug|iPhone.Build.0 = Debug|Any CPU
		{691F64DB-A9E1-421C-81EE-A5B9895C5B6B}.Debug|iPhoneSimulator.ActiveCfg = Debug|Any CPU
		{691F64DB-A9E1-421C-81EE-A5B9895C5B6B}.Debug|iPhoneSimulator.Build.0 = Debug|Any CPU
		{691F64DB-A9E1-421C-81EE-A5B9895C5B6B}.Debug|x64.ActiveCfg = Debug|Any CPU
		{691F64DB-A9E1-421C-81EE-A5B9895C5B6B}.Debug|x64.Build.0 = Debug|Any CPU
		{691F64DB-A9E1-421C-81EE-A5B9895C5B6B}.Debug|x86.ActiveCfg = Debug|Any CPU
		{691F64DB-A9E1-421C-81EE-A5B9895C5B6B}.Debug|x86.Build.0 = Debug|Any CPU
		{691F64DB-A9E1-421C-81EE-A5B9895C5B6B}.Release|Any CPU.ActiveCfg = Release|Any CPU
		{691F64DB-A9E1-421C-81EE-A5B9895C5B6B}.Release|Any CPU.Build.0 = Release|Any CPU
		{691F64DB-A9E1-421C-81EE-A5B9895C5B6B}.Release|ARM.ActiveCfg = Release|Any CPU
		{691F64DB-A9E1-421C-81EE-A5B9895C5B6B}.Release|ARM.Build.0 = Release|Any CPU
		{691F64DB-A9E1-421C-81EE-A5B9895C5B6B}.Release|iPhone.ActiveCfg = Release|Any CPU
		{691F64DB-A9E1-421C-81EE-A5B9895C5B6B}.Release|iPhone.Build.0 = Release|Any CPU
		{691F64DB-A9E1-421C-81EE-A5B9895C5B6B}.Release|iPhoneSimulator.ActiveCfg = Release|Any CPU
		{691F64DB-A9E1-421C-81EE-A5B9895C5B6B}.Release|iPhoneSimulator.Build.0 = Release|Any CPU
		{691F64DB-A9E1-421C-81EE-A5B9895C5B6B}.Release|x64.ActiveCfg = Release|Any CPU
		{691F64DB-A9E1-421C-81EE-A5B9895C5B6B}.Release|x64.Build.0 = Release|Any CPU
		{691F64DB-A9E1-421C-81EE-A5B9895C5B6B}.Release|x86.ActiveCfg = Release|Any CPU
		{691F64DB-A9E1-421C-81EE-A5B9895C5B6B}.Release|x86.Build.0 = Release|Any CPU
		{751A7594-6421-48B8-9EA7-35465821221D}.Ad-Hoc|Any CPU.ActiveCfg = Release|Any CPU
		{751A7594-6421-48B8-9EA7-35465821221D}.Ad-Hoc|Any CPU.Build.0 = Release|Any CPU
		{751A7594-6421-48B8-9EA7-35465821221D}.Ad-Hoc|ARM.ActiveCfg = Release|Any CPU
		{751A7594-6421-48B8-9EA7-35465821221D}.Ad-Hoc|ARM.Build.0 = Release|Any CPU
		{751A7594-6421-48B8-9EA7-35465821221D}.Ad-Hoc|iPhone.ActiveCfg = Release|Any CPU
		{751A7594-6421-48B8-9EA7-35465821221D}.Ad-Hoc|iPhone.Build.0 = Release|Any CPU
		{751A7594-6421-48B8-9EA7-35465821221D}.Ad-Hoc|iPhoneSimulator.ActiveCfg = Release|Any CPU
		{751A7594-6421-48B8-9EA7-35465821221D}.Ad-Hoc|iPhoneSimulator.Build.0 = Release|Any CPU
		{751A7594-6421-48B8-9EA7-35465821221D}.Ad-Hoc|x64.ActiveCfg = Release|Any CPU
		{751A7594-6421-48B8-9EA7-35465821221D}.Ad-Hoc|x64.Build.0 = Release|Any CPU
		{751A7594-6421-48B8-9EA7-35465821221D}.Ad-Hoc|x86.ActiveCfg = Release|Any CPU
		{751A7594-6421-48B8-9EA7-35465821221D}.Ad-Hoc|x86.Build.0 = Release|Any CPU
		{751A7594-6421-48B8-9EA7-35465821221D}.AppStore|Any CPU.ActiveCfg = Release|Any CPU
		{751A7594-6421-48B8-9EA7-35465821221D}.AppStore|Any CPU.Build.0 = Release|Any CPU
		{751A7594-6421-48B8-9EA7-35465821221D}.AppStore|ARM.ActiveCfg = Release|Any CPU
		{751A7594-6421-48B8-9EA7-35465821221D}.AppStore|ARM.Build.0 = Release|Any CPU
		{751A7594-6421-48B8-9EA7-35465821221D}.AppStore|iPhone.ActiveCfg = Release|Any CPU
		{751A7594-6421-48B8-9EA7-35465821221D}.AppStore|iPhone.Build.0 = Release|Any CPU
		{751A7594-6421-48B8-9EA7-35465821221D}.AppStore|iPhoneSimulator.ActiveCfg = Release|Any CPU
		{751A7594-6421-48B8-9EA7-35465821221D}.AppStore|iPhoneSimulator.Build.0 = Release|Any CPU
		{751A7594-6421-48B8-9EA7-35465821221D}.AppStore|x64.ActiveCfg = Release|Any CPU
		{751A7594-6421-48B8-9EA7-35465821221D}.AppStore|x64.Build.0 = Release|Any CPU
		{751A7594-6421-48B8-9EA7-35465821221D}.AppStore|x86.ActiveCfg = Release|Any CPU
		{751A7594-6421-48B8-9EA7-35465821221D}.AppStore|x86.Build.0 = Release|Any CPU
		{751A7594-6421-48B8-9EA7-35465821221D}.Debug|Any CPU.ActiveCfg = Debug|Any CPU
		{751A7594-6421-48B8-9EA7-35465821221D}.Debug|Any CPU.Build.0 = Debug|Any CPU
		{751A7594-6421-48B8-9EA7-35465821221D}.Debug|ARM.ActiveCfg = Debug|Any CPU
		{751A7594-6421-48B8-9EA7-35465821221D}.Debug|ARM.Build.0 = Debug|Any CPU
		{751A7594-6421-48B8-9EA7-35465821221D}.Debug|iPhone.ActiveCfg = Debug|Any CPU
		{751A7594-6421-48B8-9EA7-35465821221D}.Debug|iPhone.Build.0 = Debug|Any CPU
		{751A7594-6421-48B8-9EA7-35465821221D}.Debug|iPhoneSimulator.ActiveCfg = Debug|Any CPU
		{751A7594-6421-48B8-9EA7-35465821221D}.Debug|iPhoneSimulator.Build.0 = Debug|Any CPU
		{751A7594-6421-48B8-9EA7-35465821221D}.Debug|x64.ActiveCfg = Debug|Any CPU
		{751A7594-6421-48B8-9EA7-35465821221D}.Debug|x64.Build.0 = Debug|Any CPU
		{751A7594-6421-48B8-9EA7-35465821221D}.Debug|x86.ActiveCfg = Debug|Any CPU
		{751A7594-6421-48B8-9EA7-35465821221D}.Debug|x86.Build.0 = Debug|Any CPU
		{751A7594-6421-48B8-9EA7-35465821221D}.Release|Any CPU.ActiveCfg = Release|Any CPU
		{751A7594-6421-48B8-9EA7-35465821221D}.Release|Any CPU.Build.0 = Release|Any CPU
		{751A7594-6421-48B8-9EA7-35465821221D}.Release|ARM.ActiveCfg = Release|Any CPU
		{751A7594-6421-48B8-9EA7-35465821221D}.Release|ARM.Build.0 = Release|Any CPU
		{751A7594-6421-48B8-9EA7-35465821221D}.Release|iPhone.ActiveCfg = Release|Any CPU
		{751A7594-6421-48B8-9EA7-35465821221D}.Release|iPhone.Build.0 = Release|Any CPU
		{751A7594-6421-48B8-9EA7-35465821221D}.Release|iPhoneSimulator.ActiveCfg = Release|Any CPU
		{751A7594-6421-48B8-9EA7-35465821221D}.Release|iPhoneSimulator.Build.0 = Release|Any CPU
		{751A7594-6421-48B8-9EA7-35465821221D}.Release|x64.ActiveCfg = Release|Any CPU
		{751A7594-6421-48B8-9EA7-35465821221D}.Release|x64.Build.0 = Release|Any CPU
		{751A7594-6421-48B8-9EA7-35465821221D}.Release|x86.ActiveCfg = Release|Any CPU
		{751A7594-6421-48B8-9EA7-35465821221D}.Release|x86.Build.0 = Release|Any CPU
	EndGlobalSection
	GlobalSection(SolutionProperties) = preSolution
		HideSolutionNode = FALSE
	EndGlobalSection
	GlobalSection(ExtensibilityGlobals) = postSolution
		SolutionGuid = {7572364A-8C41-42F5-B99E-06D2DD0F7143}
	EndGlobalSection
EndGlobal
